
Microsoft Visual Studio Solution File, Format Version 12.00
# Visual Studio Version 17
VisualStudioVersion = 17.1.32407.343
MinimumVisualStudioVersion = 10.0.40219.1
Project("{FAE04EC0-301F-11D3-BF4B-00C04F79EFBC}") = "ProjetoTesteFST2", "ProjetoTesteFST2\ProjetoTesteFST2.csproj", "{5F6857F9-0964-44C9-8020-1D44D7DA2A91}"
EndProject
Project("{FAE04EC0-301F-11D3-BF4B-00C04F79EFBC}") = "TestMSTest", "TestMSTest\TestMSTest.csproj", "{37AB0856-1F94-4A84-99F2-898CBA73289A}"
EndProject
Project("{FAE04EC0-301F-11D3-BF4B-00C04F79EFBC}") = "TestxUnit", "TestxUnit\TestxUnit.csproj", "{D7EFF057-4FB0-4DD5-B9DA-12FDA4E8D7F6}"
EndProject
Global
	GlobalSection(SolutionConfigurationPlatforms) = preSolution
		Debug|Any CPU = Debug|Any CPU
		Release|Any CPU = Release|Any CPU
	EndGlobalSection
	GlobalSection(ProjectConfigurationPlatforms) = postSolution
		{5F6857F9-0964-44C9-8020-1D44D7DA2A91}.Debug|Any CPU.ActiveCfg = Debug|Any CPU
		{5F6857F9-0964-44C9-8020-1D44D7DA2A91}.Debug|Any CPU.Build.0 = Debug|Any CPU
		{5F6857F9-0964-44C9-8020-1D44D7DA2A91}.Release|Any CPU.ActiveCfg = Release|Any CPU
		{5F6857F9-0964-44C9-8020-1D44D7DA2A91}.Release|Any CPU.Build.0 = Release|Any CPU
		{37AB0856-1F94-4A84-99F2-898CBA73289A}.Debug|Any CPU.ActiveCfg = Debug|Any CPU
		{37AB0856-1F94-4A84-99F2-898CBA73289A}.Debug|Any CPU.Build.0 = Debug|Any CPU
		{37AB0856-1F94-4A84-99F2-898CBA73289A}.Release|Any CPU.ActiveCfg = Release|Any CPU
		{37AB0856-1F94-4A84-99F2-898CBA73289A}.Release|Any CPU.Build.0 = Release|Any CPU
		{D7EFF057-4FB0-4DD5-B9DA-12FDA4E8D7F6}.Debug|Any CPU.ActiveCfg = Debug|Any CPU
		{D7EFF057-4FB0-4DD5-B9DA-12FDA4E8D7F6}.Debug|Any CPU.Build.0 = Debug|Any CPU
		{D7EFF057-4FB0-4DD5-B9DA-12FDA4E8D7F6}.Release|Any CPU.ActiveCfg = Release|Any CPU
		{D7EFF057-4FB0-4DD5-B9DA-12FDA4E8D7F6}.Release|Any CPU.Build.0 = Release|Any CPU
	EndGlobalSection
	GlobalSection(SolutionProperties) = preSolution
		HideSolutionNode = FALSE
	EndGlobalSection
	GlobalSection(ExtensibilityGlobals) = postSolution
		SolutionGuid = {005B3D7E-3EB5-4AD7-9B2E-746698DB72EF}
	EndGlobalSection
EndGlobal
